
Microsoft Visual Studio Solution File, Format Version 12.00
# Visual Studio Version 17
VisualStudioVersion = 17.2.32616.157
MinimumVisualStudioVersion = 10.0.40219.1
Project("{FAE04EC0-301F-11D3-BF4B-00C04F79EFBC}") = "ATF's", "ATF's\ATF's.csproj", "{46EF9852-2B6B-4D0D-B988-40DEC5A3A6B7}"
EndProject
Global
	GlobalSection(SolutionConfigurationPlatforms) = preSolution
		Debug|Any CPU = Debug|Any CPU
		Release|Any CPU = Release|Any CPU
	EndGlobalSection
	GlobalSection(ProjectConfigurationPlatforms) = postSolution
		{46EF9852-2B6B-4D0D-B988-40DEC5A3A6B7}.Debug|Any CPU.ActiveCfg = Debug|Any CPU
		{46EF9852-2B6B-4D0D-B988-40DEC5A3A6B7}.Debug|Any CPU.Build.0 = Debug|Any CPU
		{46EF9852-2B6B-4D0D-B988-40DEC5A3A6B7}.Release|Any CPU.ActiveCfg = Release|Any CPU
		{46EF9852-2B6B-4D0D-B988-40DEC5A3A6B7}.Release|Any CPU.Build.0 = Release|Any CPU
	EndGlobalSection
	GlobalSection(SolutionProperties) = preSolution
		HideSolutionNode = FALSE
	EndGlobalSection
	GlobalSection(ExtensibilityGlobals) = postSolution
		SolutionGuid = {ED667789-E4EA-4E6A-8F2A-DE020717DD02}
	EndGlobalSection
EndGlobal
